
Microsoft Visual Studio Solution File, Format Version 12.00
# Visual Studio Version 16
VisualStudioVersion = 16.0.32929.386
MinimumVisualStudioVersion = 10.0.40219.1
Project("{8BC9CEB8-8B4A-11D0-8D11-00A0C91BC942}") = "game_2", "game_2\game_2.vcxproj", "{EF1D8450-E036-4573-9989-59FBCAE60ABA}"
EndProject
Global
	GlobalSection(SolutionConfigurationPlatforms) = preSolution
		Debug|x64 = Debug|x64
		Debug|x86 = Debug|x86
		Release|x64 = Release|x64
		Release|x86 = Release|x86
	EndGlobalSection
	GlobalSection(ProjectConfigurationPlatforms) = postSolution
		{EF1D8450-E036-4573-9989-59FBCAE60ABA}.Debug|x64.ActiveCfg = Debug|x64
		{EF1D8450-E036-4573-9989-59FBCAE60ABA}.Debug|x64.Build.0 = Debug|x64
		{EF1D8450-E036-4573-9989-59FBCAE60ABA}.Debug|x86.ActiveCfg = Debug|Win32
		{EF1D8450-E036-4573-9989-59FBCAE60ABA}.Debug|x86.Build.0 = Debug|Win32
		{EF1D8450-E036-4573-9989-59FBCAE60ABA}.Release|x64.ActiveCfg = Release|x64
		{EF1D8450-E036-4573-9989-59FBCAE60ABA}.Release|x64.Build.0 = Release|x64
		{EF1D8450-E036-4573-9989-59FBCAE60ABA}.Release|x86.ActiveCfg = Release|Win32
		{EF1D8450-E036-4573-9989-59FBCAE60ABA}.Release|x86.Build.0 = Release|Win32
	EndGlobalSection
	GlobalSection(SolutionProperties) = preSolution
		HideSolutionNode = FALSE
	EndGlobalSection
	GlobalSection(ExtensibilityGlobals) = postSolution
		SolutionGuid = {8C3F1DAD-BCF5-4859-BA37-5C45B3EB9A8B}
	EndGlobalSection
EndGlobal
